// !$*UTF8*$!
{
	archiveVersion = 1;
	classes = {
	};
	objectVersion = 46;
	objects = {

/* Begin PBXBuildFile section */
		044CD6BE1C0802A100BC7E91 /* Foundation.framework in Frameworks */ = {isa = PBXBuildFile; fileRef = 044CD6BD1C0802A100BC7E91 /* Foundation.framework */; };
		044CD6C01C0802A100BC7E91 /* CoreGraphics.framework in Frameworks */ = {isa = PBXBuildFile; fileRef = 044CD6BF1C0802A100BC7E91 /* CoreGraphics.framework */; };
		044CD6C21C0802A100BC7E91 /* UIKit.framework in Frameworks */ = {isa = PBXBuildFile; fileRef = 044CD6C11C0802A100BC7E91 /* UIKit.framework */; };
		044CD6C81C0802A100BC7E91 /* InfoPlist.strings in Resources */ = {isa = PBXBuildFile; fileRef = 044CD6C61C0802A100BC7E91 /* InfoPlist.strings */; };
		044CD6CA1C0802A100BC7E91 /* main.m in Sources */ = {isa = PBXBuildFile; fileRef = 044CD6C91C0802A100BC7E91 /* main.m */; };
		044CD6CE1C0802A100BC7E91 /* ZJWAppDelegate.m in Sources */ = {isa = PBXBuildFile; fileRef = 044CD6CD1C0802A100BC7E91 /* ZJWAppDelegate.m */; };
		044CD6D01C0802A100BC7E91 /* Images.xcassets in Resources */ = {isa = PBXBuildFile; fileRef = 044CD6CF1C0802A100BC7E91 /* Images.xcassets */; };
		044CD6D71C0802A100BC7E91 /* XCTest.framework in Frameworks */ = {isa = PBXBuildFile; fileRef = 044CD6D61C0802A100BC7E91 /* XCTest.framework */; };
		044CD6D81C0802A100BC7E91 /* Foundation.framework in Frameworks */ = {isa = PBXBuildFile; fileRef = 044CD6BD1C0802A100BC7E91 /* Foundation.framework */; };
		044CD6D91C0802A100BC7E91 /* UIKit.framework in Frameworks */ = {isa = PBXBuildFile; fileRef = 044CD6C11C0802A100BC7E91 /* UIKit.framework */; };
		044CD6E11C0802A100BC7E91 /* InfoPlist.strings in Resources */ = {isa = PBXBuildFile; fileRef = 044CD6DF1C0802A100BC7E91 /* InfoPlist.strings */; };
		044CD6E31C0802A100BC7E91 /* _2345667Tests.m in Sources */ = {isa = PBXBuildFile; fileRef = 044CD6E21C0802A100BC7E91 /* _2345667Tests.m */; };
		044CD6EF1C08032500BC7E91 /* ZJWViewController.m in Sources */ = {isa = PBXBuildFile; fileRef = 044CD6EE1C08032500BC7E91 /* ZJWViewController.m */; };
		044CD6F21C08036700BC7E91 /* ZJWScrollerView.m in Sources */ = {isa = PBXBuildFile; fileRef = 044CD6F11C08036700BC7E91 /* ZJWScrollerView.m */; };
/* End PBXBuildFile section */

/* Begin PBXContainerItemProxy section */
		044CD6DA1C0802A100BC7E91 /* PBXContainerItemProxy */ = {
			isa = PBXContainerItemProxy;
			containerPortal = 044CD6B21C0802A100BC7E91 /* Project object */;
			proxyType = 1;
			remoteGlobalIDString = 044CD6B91C0802A100BC7E91;
			remoteInfo = 12345667;
		};
/* End PBXContainerItemProxy section */

/* Begin PBXFileReference section */
		044CD6BA1C0802A100BC7E91 /* 12345667.app */ = {isa = PBXFileReference; explicitFileType = wrapper.application; includeInIndex = 0; path = 12345667.app; sourceTree = BUILT_PRODUCTS_DIR; };
		044CD6BD1C0802A100BC7E91 /* Foundation.framework */ = {isa = PBXFileReference; lastKnownFileType = wrapper.framework; name = Foundation.framework; path = System/Library/Frameworks/Foundation.framework; sourceTree = SDKROOT; };
		044CD6BF1C0802A100BC7E91 /* CoreGraphics.framework */ = {isa = PBXFileReference; lastKnownFileType = wrapper.framework; name = CoreGraphics.framework; path = System/Library/Frameworks/CoreGraphics.framework; sourceTree = SDKROOT; };
		044CD6C11C0802A100BC7E91 /* UIKit.framework */ = {isa = PBXFileReference; lastKnownFileType = wrapper.framework; name = UIKit.framework; path = System/Library/Frameworks/UIKit.framework; sourceTree = SDKROOT; };
		044CD6C51C0802A100BC7E91 /* 12345667-Info.plist */ = {isa = PBXFileReference; lastKnownFileType = text.plist.xml; path = "12345667-Info.plist"; sourceTree = "<group>"; };
		044CD6C71C0802A100BC7E91 /* en */ = {isa = PBXFileReference; lastKnownFileType = text.plist.strings; name = en; path = en.lproj/InfoPlist.strings; sourceTree = "<group>"; };
		044CD6C91C0802A100BC7E91 /* main.m */ = {isa = PBXFileReference; lastKnownFileType = sourcecode.c.objc; path = main.m; sourceTree = "<group>"; };
		044CD6CB1C0802A100BC7E91 /* 12345667-Prefix.pch */ = {isa = PBXFileReference; lastKnownFileType = sourcecode.c.h; path = "12345667-Prefix.pch"; sourceTree = "<group>"; };
		044CD6CC1C0802A100BC7E91 /* ZJWAppDelegate.h */ = {isa = PBXFileReference; lastKnownFileType = sourcecode.c.h; path = ZJWAppDelegate.h; sourceTree = "<group>"; };
		044CD6CD1C0802A100BC7E91 /* ZJWAppDelegate.m */ = {isa = PBXFileReference; lastKnownFileType = sourcecode.c.objc; path = ZJWAppDelegate.m; sourceTree = "<group>"; };
		044CD6CF1C0802A100BC7E91 /* Images.xcassets */ = {isa = PBXFileReference; lastKnownFileType = folder.assetcatalog; path = Images.xcassets; sourceTree = "<group>"; };
		044CD6D51C0802A100BC7E91 /* 12345667Tests.xctest */ = {isa = PBXFileReference; explicitFileType = wrapper.cfbundle; includeInIndex = 0; path = 12345667Tests.xctest; sourceTree = BUILT_PRODUCTS_DIR; };
		044CD6D61C0802A100BC7E91 /* XCTest.framework */ = {isa = PBXFileReference; lastKnownFileType = wrapper.framework; name = XCTest.framework; path = Library/Frameworks/XCTest.framework; sourceTree = DEVELOPER_DIR; };
		044CD6DE1C0802A100BC7E91 /* 12345667Tests-Info.plist */ = {isa = PBXFileReference; lastKnownFileType = text.plist.xml; path = "12345667Tests-Info.plist"; sourceTree = "<group>"; };
		044CD6E01C0802A100BC7E91 /* en */ = {isa = PBXFileReference; lastKnownFileType = text.plist.strings; name = en; path = en.lproj/InfoPlist.strings; sourceTree = "<group>"; };
		044CD6E21C0802A100BC7E91 /* _2345667Tests.m */ = {isa = PBXFileReference; lastKnownFileType = sourcecode.c.objc; path = _2345667Tests.m; sourceTree = "<group>"; };
		044CD6ED1C08032500BC7E91 /* ZJWViewController.h */ = {isa = PBXFileReference; fileEncoding = 4; lastKnownFileType = sourcecode.c.h; path = ZJWViewController.h; sourceTree = "<group>"; };
		044CD6EE1C08032500BC7E91 /* ZJWViewController.m */ = {isa = PBXFileReference; fileEncoding = 4; lastKnownFileType = sourcecode.c.objc; path = ZJWViewController.m; sourceTree = "<group>"; };
		044CD6F01C08036700BC7E91 /* ZJWScrollerView.h */ = {isa = PBXFileReference; fileEncoding = 4; lastKnownFileType = sourcecode.c.h; path = ZJWScrollerView.h; sourceTree = "<group>"; };
		044CD6F11C08036700BC7E91 /* ZJWScrollerView.m */ = {isa = PBXFileReference; fileEncoding = 4; lastKnownFileType = sourcecode.c.objc; path = ZJWScrollerView.m; sourceTree = "<group>"; };
/* End PBXFileReference section */

/* Begin PBXFrameworksBuildPhase section */
		044CD6B71C0802A100BC7E91 /* Frameworks */ = {
			isa = PBXFrameworksBuildPhase;
			buildActionMask = 2147483647;
			files = (
				044CD6C01C0802A100BC7E91 /* CoreGraphics.framework in Frameworks */,
				044CD6C21C0802A100BC7E91 /* UIKit.framework in Frameworks */,
				044CD6BE1C0802A100BC7E91 /* Foundation.framework in Frameworks */,
			);
			runOnlyForDeploymentPostprocessing = 0;
		};
		044CD6D21C0802A100BC7E91 /* Frameworks */ = {
			isa = PBXFrameworksBuildPhase;
			buildActionMask = 2147483647;
			files = (
				044CD6D71C0802A100BC7E91 /* XCTest.framework in Frameworks */,
				044CD6D91C0802A100BC7E91 /* UIKit.framework in Frameworks */,
				044CD6D81C0802A100BC7E91 /* Foundation.framework in Frameworks */,
			);
			runOnlyForDeploymentPostprocessing = 0;
		};
/* End PBXFrameworksBuildPhase section */

/* Begin PBXGroup section */
		044CD6B11C0802A100BC7E91 = {
			isa = PBXGroup;
			children = (
				044CD6C31C0802A100BC7E91 /* 12345667 */,
				044CD6DC1C0802A100BC7E91 /* 12345667Tests */,
				044CD6BC1C0802A100BC7E91 /* Frameworks */,
				044CD6BB1C0802A100BC7E91 /* Products */,
			);
			sourceTree = "<group>";
		};
		044CD6BB1C0802A100BC7E91 /* Products */ = {
			isa = PBXGroup;
			children = (
				044CD6BA1C0802A100BC7E91 /* 12345667.app */,
				044CD6D51C0802A100BC7E91 /* 12345667Tests.xctest */,
			);
			name = Products;
			sourceTree = "<group>";
		};
		044CD6BC1C0802A100BC7E91 /* Frameworks */ = {
			isa = PBXGroup;
			children = (
				044CD6BD1C0802A100BC7E91 /* Foundation.framework */,
				044CD6BF1C0802A100BC7E91 /* CoreGraphics.framework */,
				044CD6C11C0802A100BC7E91 /* UIKit.framework */,
				044CD6D61C0802A100BC7E91 /* XCTest.framework */,
			);
			name = Frameworks;
			sourceTree = "<group>";
		};
		044CD6C31C0802A100BC7E91 /* 12345667 */ = {
			isa = PBXGroup;
			children = (
				044CD6CC1C0802A100BC7E91 /* ZJWAppDelegate.h */,
				044CD6CD1C0802A100BC7E91 /* ZJWAppDelegate.m */,
				044CD6CF1C0802A100BC7E91 /* Images.xcassets */,
				044CD6C41C0802A100BC7E91 /* Supporting Files */,
				044CD6ED1C08032500BC7E91 /* ZJWViewController.h */,
				044CD6EE1C08032500BC7E91 /* ZJWViewController.m */,
				044CD6F01C08036700BC7E91 /* ZJWScrollerView.h */,
				044CD6F11C08036700BC7E91 /* ZJWScrollerView.m */,
			);
			path = 12345667;
			sourceTree = "<group>";
		};
		044CD6C41C0802A100BC7E91 /* Supporting Files */ = {
			isa = PBXGroup;
			children = (
				044CD6C51C0802A100BC7E91 /* 12345667-Info.plist */,
				044CD6C61C0802A100BC7E91 /* InfoPlist.strings */,
				044CD6C91C0802A100BC7E91 /* main.m */,
				044CD6CB1C0802A100BC7E91 /* 12345667-Prefix.pch */,
			);
			name = "Supporting Files";
			sourceTree = "<group>";
		};
		044CD6DC1C0802A100BC7E91 /* 12345667Tests */ = {
			isa = PBXGroup;
			children = (
				044CD6E21C0802A100BC7E91 /* _2345667Tests.m */,
				044CD6DD1C0802A100BC7E91 /* Supporting Files */,
			);
			path = 12345667Tests;
			sourceTree = "<group>";
		};
		044CD6DD1C0802A100BC7E91 /* Supporting Files */ = {
			isa = PBXGroup;
			children = (
				044CD6DE1C0802A100BC7E91 /* 12345667Tests-Info.plist */,
				044CD6DF1C0802A100BC7E91 /* InfoPlist.strings */,
			);
			name = "Supporting Files";
			sourceTree = "<group>";
		};
/* End PBXGroup section */

/* Begin PBXNativeTarget section */
		044CD6B91C0802A100BC7E91 /* 12345667 */ = {
			isa = PBXNativeTarget;
			buildConfigurationList = 044CD6E61C0802A100BC7E91 /* Build configuration list for PBXNativeTarget "12345667" */;
			buildPhases = (
				044CD6B61C0802A100BC7E91 /* Sources */,
				044CD6B71C0802A100BC7E91 /* Frameworks */,
				044CD6B81C0802A100BC7E91 /* Resources */,
			);
			buildRules = (
			);
			dependencies = (
			);
			name = 12345667;
			productName = 12345667;
			productReference = 044CD6BA1C0802A100BC7E91 /* 12345667.app */;
			productType = "com.apple.product-type.application";
		};
		044CD6D41C0802A100BC7E91 /* 12345667Tests */ = {
			isa = PBXNativeTarget;
			buildConfigurationList = 044CD6E91C0802A100BC7E91 /* Build configuration list for PBXNativeTarget "12345667Tests" */;
			buildPhases = (
				044CD6D11C0802A100BC7E91 /* Sources */,
				044CD6D21C0802A100BC7E91 /* Frameworks */,
				044CD6D31C0802A100BC7E91 /* Resources */,
			);
			buildRules = (
			);
			dependencies = (
				044CD6DB1C0802A100BC7E91 /* PBXTargetDependency */,
			);
			name = 12345667Tests;
			productName = 12345667Tests;
			productReference = 044CD6D51C0802A100BC7E91 /* 12345667Tests.xctest */;
			productType = "com.apple.product-type.bundle.unit-test";
		};
/* End PBXNativeTarget section */

/* Begin PBXProject section */
		044CD6B21C0802A100BC7E91 /* Project object */ = {
			isa = PBXProject;
			attributes = {
				CLASSPREFIX = ZJW;
				LastUpgradeCheck = 0510;
				ORGANIZATIONNAME = "QQ：442318732";
				TargetAttributes = {
					044CD6D41C0802A100BC7E91 = {
						TestTargetID = 044CD6B91C0802A100BC7E91;
					};
				};
			};
			buildConfigurationList = 044CD6B51C0802A100BC7E91 /* Build configuration list for PBXProject "12345667" */;
			compatibilityVersion = "Xcode 3.2";
			developmentRegion = English;
			hasScannedForEncodings = 0;
			knownRegions = (
				en,
			);
			mainGroup = 044CD6B11C0802A100BC7E91;
			productRefGroup = 044CD6BB1C0802A100BC7E91 /* Products */;
			projectDirPath = "";
			projectRoot = "";
			targets = (
				044CD6B91C0802A100BC7E91 /* 12345667 */,
				044CD6D41C0802A100BC7E91 /* 12345667Tests */,
			);
		};
/* End PBXProject section */

/* Begin PBXResourcesBuildPhase section */
		044CD6B81C0802A100BC7E91 /* Resources */ = {
			isa = PBXResourcesBuildPhase;
			buildActionMask = 2147483647;
			files = (
				044CD6C81C0802A100BC7E91 /* InfoPlist.strings in Resources */,
				044CD6D01C0802A100BC7E91 /* Images.xcassets in Resources */,
			);
			runOnlyForDeploymentPostprocessing = 0;
		};
		044CD6D31C0802A100BC7E91 /* Resources */ = {
			isa = PBXResourcesBuildPhase;
			buildActionMask = 2147483647;
			files = (
				044CD6E11C0802A100BC7E91 /* InfoPlist.strings in Resources */,
			);
			runOnlyForDeploymentPostprocessing = 0;
		};
/* End PBXResourcesBuildPhase section */

/* Begin PBXSourcesBuildPhase section */
		044CD6B61C0802A100BC7E91 /* Sources */ = {
			isa = PBXSourcesBuildPhase;
			buildActionMask = 2147483647;
			files = (
				044CD6F21C08036700BC7E91 /* ZJWScrollerView.m in Sources */,
				044CD6EF1C08032500BC7E91 /* ZJWViewController.m in Sources */,
				044CD6CE1C0802A100BC7E91 /* ZJWAppDelegate.m in Sources */,
				044CD6CA1C0802A100BC7E91 /* main.m in Sources */,
			);
			runOnlyForDeploymentPostprocessing = 0;
		};
		044CD6D11C0802A100BC7E91 /* Sources */ = {
			isa = PBXSourcesBuildPhase;
			buildActionMask = 2147483647;
			files = (
				044CD6E31C0802A100BC7E91 /* _2345667Tests.m in Sources */,
			);
			runOnlyForDeploymentPostprocessing = 0;
		};
/* End PBXSourcesBuildPhase section */

/* Begin PBXTargetDependency section */
		044CD6DB1C0802A100BC7E91 /* PBXTargetDependency */ = {
			isa = PBXTargetDependency;
			target = 044CD6B91C0802A100BC7E91 /* 12345667 */;
			targetProxy = 044CD6DA1C0802A100BC7E91 /* PBXContainerItemProxy */;
		};
/* End PBXTargetDependency section */

/* Begin PBXVariantGroup section */
		044CD6C61C0802A100BC7E91 /* InfoPlist.strings */ = {
			isa = PBXVariantGroup;
			children = (
				044CD6C71C0802A100BC7E91 /* en */,
			);
			name = InfoPlist.strings;
			sourceTree = "<group>";
		};
		044CD6DF1C0802A100BC7E91 /* InfoPlist.strings */ = {
			isa = PBXVariantGroup;
			children = (
				044CD6E01C0802A100BC7E91 /* en */,
			);
			name = InfoPlist.strings;
			sourceTree = "<group>";
		};
/* End PBXVariantGroup section */

/* Begin XCBuildConfiguration section */
		044CD6E41C0802A100BC7E91 /* Debug */ = {
			isa = XCBuildConfiguration;
			buildSettings = {
				ALWAYS_SEARCH_USER_PATHS = NO;
				CLANG_CXX_LANGUAGE_STANDARD = "gnu++0x";
				CLANG_CXX_LIBRARY = "libc++";
				CLANG_ENABLE_MODULES = YES;
				CLANG_ENABLE_OBJC_ARC = YES;
				CLANG_WARN_BOOL_CONVERSION = YES;
				CLANG_WARN_CONSTANT_CONVERSION = YES;
				CLANG_WARN_DIRECT_OBJC_ISA_USAGE = YES_ERROR;
				CLANG_WARN_EMPTY_BODY = YES;
				CLANG_WARN_ENUM_CONVERSION = YES;
				CLANG_WARN_INT_CONVERSION = YES;
				CLANG_WARN_OBJC_ROOT_CLASS = YES_ERROR;
				CLANG_WARN__DUPLICATE_METHOD_MATCH = YES;
				"CODE_SIGN_IDENTITY[sdk=iphoneos*]" = "iPhone Developer";
				COPY_PHASE_STRIP = NO;
				GCC_C_LANGUAGE_STANDARD = gnu99;
				GCC_DYNAMIC_NO_PIC = NO;
				GCC_OPTIMIZATION_LEVEL = 0;
				GCC_PREPROCESSOR_DEFINITIONS = (
					"DEBUG=1",
					"$(inherited)",
				);
				GCC_SYMBOLS_PRIVATE_EXTERN = NO;
				GCC_WARN_64_TO_32_BIT_CONVERSION = YES;
				GCC_WARN_ABOUT_RETURN_TYPE = YES_ERROR;
				GCC_WARN_UNDECLARED_SELECTOR = YES;
				GCC_WARN_UNINITIALIZED_AUTOS = YES_AGGRESSIVE;
				GCC_WARN_UNUSED_FUNCTION = YES;
				GCC_WARN_UNUSED_VARIABLE = YES;
				IPHONEOS_DEPLOYMENT_TARGET = 7.1;
				ONLY_ACTIVE_ARCH = YES;
				SDKROOT = iphoneos;
			};
			name = Debug;
		};
		044CD6E51C0802A100BC7E91 /* Release */ = {
			isa = XCBuildConfiguration;
			buildSettings = {
				ALWAYS_SEARCH_USER_PATHS = NO;
				CLANG_CXX_LANGUAGE_STANDARD = "gnu++0x";
				CLANG_CXX_LIBRARY = "libc++";
				CLANG_ENABLE_MODULES = YES;
				CLANG_ENABLE_OBJC_ARC = YES;
				CLANG_WARN_BOOL_CONVERSION = YES;
				CLANG_WARN_CONSTANT_CONVERSION = YES;
				CLANG_WARN_DIRECT_OBJC_ISA_USAGE = YES_ERROR;
				CLANG_WARN_EMPTY_BODY = YES;
				CLANG_WARN_ENUM_CONVERSION = YES;
				CLANG_WARN_INT_CONVERSION = YES;
				CLANG_WARN_OBJC_ROOT_CLASS = YES_ERROR;
				CLANG_WARN__DUPLICATE_METHOD_MATCH = YES;
				"CODE_SIGN_IDENTITY[sdk=iphoneos*]" = "iPhone Developer";
				COPY_PHASE_STRIP = YES;
				ENABLE_NS_ASSERTIONS = NO;
				GCC_C_LANGUAGE_STANDARD = gnu99;
				GCC_WARN_64_TO_32_BIT_CONVERSION = YES;
				GCC_WARN_ABOUT_RETURN_TYPE = YES_ERROR;
				GCC_WARN_UNDECLARED_SELECTOR = YES;
				GCC_WARN_UNINITIALIZED_AUTOS = YES_AGGRESSIVE;
				GCC_WARN_UNUSED_FUNCTION = YES;
				GCC_WARN_UNUSED_VARIABLE = YES;
				IPHONEOS_DEPLOYMENT_TARGET = 7.1;
				SDKROOT = iphoneos;
				VALIDATE_PRODUCT = YES;
			};
			name = Release;
		};
		044CD6E71C0802A100BC7E91 /* Debug */ = {
			isa = XCBuildConfiguration;
			buildSettings = {
				ASSETCATALOG_COMPILER_APPICON_NAME = AppIcon;
				ASSETCATALOG_COMPILER_LAUNCHIMAGE_NAME = LaunchImage;
				CLANG_ENABLE_OBJC_ARC = NO;
				GCC_PRECOMPILE_PREFIX_HEADER = YES;
				GCC_PREFIX_HEADER = "12345667/12345667-Prefix.pch";
				INFOPLIST_FILE = "12345667/12345667-Info.plist";
				PRODUCT_NAME = "$(TARGET_NAME)";
				WRAPPER_EXTENSION = app;
			};
			name = Debug;
		};
		044CD6E81C0802A100BC7E91 /* Release */ = {
			isa = XCBuildConfiguration;
			buildSettings = {
				ASSETCATALOG_COMPILER_APPICON_NAME = AppIcon;
				ASSETCATALOG_COMPILER_LAUNCHIMAGE_NAME = LaunchImage;
				CLANG_ENABLE_OBJC_ARC = NO;
				GCC_PRECOMPILE_PREFIX_HEADER = YES;
				GCC_PREFIX_HEADER = "12345667/12345667-Prefix.pch";
				INFOPLIST_FILE = "12345667/12345667-Info.plist";
				PRODUCT_NAME = "$(TARGET_NAME)";
				WRAPPER_EXTENSION = app;
			};
			name = Release;
		};
		044CD6EA1C0802A100BC7E91 /* Debug */ = {
			isa = XCBuildConfiguration;
			buildSettings = {
				BUNDLE_LOADER = "$(BUILT_PRODUCTS_DIR)/12345667.app/12345667";
				FRAMEWORK_SEARCH_PATHS = (
					"$(SDKROOT)/Developer/Library/Frameworks",
					"$(inherited)",
					"$(DEVELOPER_FRAMEWORKS_DIR)",
				);
				GCC_PRECOMPILE_PREFIX_HEADER = YES;
				GCC_PREFIX_HEADER = "12345667/12345667-Prefix.pch";
				GCC_PREPROCESSOR_DEFINITIONS = (
					"DEBUG=1",
					"$(inherited)",
				);
				INFOPLIST_FILE = "12345667Tests/12345667Tests-Info.plist";
				PRODUCT_NAME = "$(TARGET_NAME)";
				TEST_HOST = "$(BUNDLE_LOADER)";
				WRAPPER_EXTENSION = xctest;
			};
			name = Debug;
		};
		044CD6EB1C0802A100BC7E91 /* Release */ = {
			isa = XCBuildConfiguration;
			buildSettings = {
				BUNDLE_LOADER = "$(BUILT_PRODUCTS_DIR)/12345667.app/12345667";
				FRAMEWORK_SEARCH_PATHS = (
					"$(SDKROOT)/Developer/Library/Frameworks",
					"$(inherited)",
					"$(DEVELOPER_FRAMEWORKS_DIR)",
				);
				GCC_PRECOMPILE_PREFIX_HEADER = YES;
				GCC_PREFIX_HEADER = "12345667/12345667-Prefix.pch";
				INFOPLIST_FILE = "12345667Tests/12345667Tests-Info.plist";
				PRODUCT_NAME = "$(TARGET_NAME)";
				TEST_HOST = "$(BUNDLE_LOADER)";
				WRAPPER_EXTENSION = xctest;
			};
			name = Release;
		};
/* End XCBuildConfiguration section */

/* Begin XCConfigurationList section */
		044CD6B51C0802A100BC7E91 /* Build configuration list for PBXProject "12345667" */ = {
			isa = XCConfigurationList;
			buildConfigurations = (
				044CD6E41C0802A100BC7E91 /* Debug */,
				044CD6E51C0802A100BC7E91 /* Release */,
			);
			defaultConfigurationIsVisible = 0;
			defaultConfigurationName = Release;
		};
		044CD6E61C0802A100BC7E91 /* Build configuration list for PBXNativeTarget "12345667" */ = {
			isa = XCConfigurationList;
			buildConfigurations = (
				044CD6E71C0802A100BC7E91 /* Debug */,
				044CD6E81C0802A100BC7E91 /* Release */,
			);
			defaultConfigurationIsVisible = 0;
		};
		044CD6E91C0802A100BC7E91 /* Build configuration list for PBXNativeTarget "12345667Tests" */ = {
			isa = XCConfigurationList;
			buildConfigurations = (
				044CD6EA1C0802A100BC7E91 /* Debug */,
				044CD6EB1C0802A100BC7E91 /* Release */,
			);
			defaultConfigurationIsVisible = 0;
		};
/* End XCConfigurationList section */
	};
	rootObject = 044CD6B21C0802A100BC7E91 /* Project object */;
}
